Microsoft Visual Studio Solution File, Format Version 11.00
# Visual Studio 2008

Project("{7F19FF77-90C0-B15C-F4FC-D113CE9ECA7B}") = "OllieRPG", "Assembly-CSharp.csproj", "{19C97248-A33C-28F1-0006-9ABF0B3E7114}"
EndProject
Project("{7F19FF77-90C0-B15C-F4FC-D113CE9ECA7B}") = "OllieRPG", "Assembly-CSharp-Editor.csproj", "{C4CB3798-374B-3605-B7E9-84FC5CA0B501}"
EndProject
Global
	GlobalSection(SolutionConfigurationPlatforms) = preSolution
		Debug|Any CPU = Debug|Any CPU
		Release|Any CPU = Release|Any CPU
	EndGlobalSection
	GlobalSection(ProjectConfigurationPlatforms) = postSolution
		{19C97248-A33C-28F1-0006-9ABF0B3E7114}.Debug|Any CPU.ActiveCfg = Debug|Any CPU
		{19C97248-A33C-28F1-0006-9ABF0B3E7114}.Debug|Any CPU.Build.0 = Debug|Any CPU
		{19C97248-A33C-28F1-0006-9ABF0B3E7114}.Release|Any CPU.ActiveCfg = Release|Any CPU
		{19C97248-A33C-28F1-0006-9ABF0B3E7114}.Release|Any CPU.Build.0 = Release|Any CPU
		{C4CB3798-374B-3605-B7E9-84FC5CA0B501}.Debug|Any CPU.ActiveCfg = Debug|Any CPU
		{C4CB3798-374B-3605-B7E9-84FC5CA0B501}.Debug|Any CPU.Build.0 = Debug|Any CPU
		{C4CB3798-374B-3605-B7E9-84FC5CA0B501}.Release|Any CPU.ActiveCfg = Release|Any CPU
		{C4CB3798-374B-3605-B7E9-84FC5CA0B501}.Release|Any CPU.Build.0 = Release|Any CPU
	EndGlobalSection
	GlobalSection(SolutionProperties) = preSolution
		HideSolutionNode = FALSE
	EndGlobalSection
	GlobalSection(MonoDevelopProperties) = preSolution
		StartupItem = Assembly-CSharp.csproj
	EndGlobalSection
EndGlobal
